
Microsoft Visual Studio Solution File, Format Version 12.00
# Visual Studio 15
VisualStudioVersion = 15.0.28307.271
MinimumVisualStudioVersion = 10.0.40219.1
Project("{FAE04EC0-301F-11D3-BF4B-00C04F79EFBC}") = "XamarinFireBase.Android", "XamarinFireBase\XamarinFireBase.Android\XamarinFireBase.Android.csproj", "{177A663D-063E-43E2-B2FD-F44EECDF06F6}"
EndProject
Project("{FAE04EC0-301F-11D3-BF4B-00C04F79EFBC}") = "XamarinFireBase.iOS", "XamarinFireBase\XamarinFireBase.iOS\XamarinFireBase.iOS.csproj", "{C3241C36-7BFA-4FB7-86DB-A20F5E5AE179}"
EndProject
Project("{FAE04EC0-301F-11D3-BF4B-00C04F79EFBC}") = "XamarinFireBase.UWP", "XamarinFireBase\XamarinFireBase.UWP\XamarinFireBase.UWP.csproj", "{158E0825-8A9F-4332-8E50-E21E94B2ADCD}"
EndProject
Project("{FAE04EC0-301F-11D3-BF4B-00C04F79EFBC}") = "XamarinFireBase", "XamarinFireBase\XamarinFireBase\XamarinFireBase.csproj", "{6CB58B55-F8D3-4A0F-BBD3-12C4B9EB6472}"
EndProject
Global
	GlobalSection(SolutionConfigurationPlatforms) = preSolution
		Ad-Hoc|Any CPU = Ad-Hoc|Any CPU
		Ad-Hoc|ARM = Ad-Hoc|ARM
		Ad-Hoc|iPhone = Ad-Hoc|iPhone
		Ad-Hoc|iPhoneSimulator = Ad-Hoc|iPhoneSimulator
		Ad-Hoc|x64 = Ad-Hoc|x64
		Ad-Hoc|x86 = Ad-Hoc|x86
		AppStore|Any CPU = AppStore|Any CPU
		AppStore|ARM = AppStore|ARM
		AppStore|iPhone = AppStore|iPhone
		AppStore|iPhoneSimulator = AppStore|iPhoneSimulator
		AppStore|x64 = AppStore|x64
		AppStore|x86 = AppStore|x86
		Debug|Any CPU = Debug|Any CPU
		Debug|ARM = Debug|ARM
		Debug|iPhone = Debug|iPhone
		Debug|iPhoneSimulator = Debug|iPhoneSimulator
		Debug|x64 = Debug|x64
		Debug|x86 = Debug|x86
		Release|Any CPU = Release|Any CPU
		Release|ARM = Release|ARM
		Release|iPhone = Release|iPhone
		Release|iPhoneSimulator = Release|iPhoneSimulator
		Release|x64 = Release|x64
		Release|x86 = Release|x86
	EndGlobalSection
	GlobalSection(ProjectConfigurationPlatforms) = postSolution
		{177A663D-063E-43E2-B2FD-F44EECDF06F6}.Ad-Hoc|Any CPU.ActiveCfg = Release|Any CPU
		{177A663D-063E-43E2-B2FD-F44EECDF06F6}.Ad-Hoc|Any CPU.Build.0 = Release|Any CPU
		{177A663D-063E-43E2-B2FD-F44EECDF06F6}.Ad-Hoc|Any CPU.Deploy.0 = Release|Any CPU
		{177A663D-063E-43E2-B2FD-F44EECDF06F6}.Ad-Hoc|ARM.ActiveCfg = Release|Any CPU
		{177A663D-063E-43E2-B2FD-F44EECDF06F6}.Ad-Hoc|ARM.Build.0 = Release|Any CPU
		{177A663D-063E-43E2-B2FD-F44EECDF06F6}.Ad-Hoc|ARM.Deploy.0 = Release|Any CPU
		{177A663D-063E-43E2-B2FD-F44EECDF06F6}.Ad-Hoc|iPhone.ActiveCfg = Release|Any CPU
		{177A663D-063E-43E2-B2FD-F44EECDF06F6}.Ad-Hoc|iPhone.Build.0 = Release|Any CPU
		{177A663D-063E-43E2-B2FD-F44EECDF06F6}.Ad-Hoc|iPhone.Deploy.0 = Release|Any CPU
		{177A663D-063E-43E2-B2FD-F44EECDF06F6}.Ad-Hoc|iPhoneSimulator.ActiveCfg = Release|Any CPU
		{177A663D-063E-43E2-B2FD-F44EECDF06F6}.Ad-Hoc|iPhoneSimulator.Build.0 = Release|Any CPU
		{177A663D-063E-43E2-B2FD-F44EECDF06F6}.Ad-Hoc|iPhoneSimulator.Deploy.0 = Release|Any CPU
		{177A663D-063E-43E2-B2FD-F44EECDF06F6}.Ad-Hoc|x64.ActiveCfg = Release|Any CPU
		{177A663D-063E-43E2-B2FD-F44EECDF06F6}.Ad-Hoc|x64.Build.0 = Release|Any CPU
		{177A663D-063E-43E2-B2FD-F44EECDF06F6}.Ad-Hoc|x64.Deploy.0 = Release|Any CPU
		{177A663D-063E-43E2-B2FD-F44EECDF06F6}.Ad-Hoc|x86.ActiveCfg = Release|Any CPU
		{177A663D-063E-43E2-B2FD-F44EECDF06F6}.Ad-Hoc|x86.Build.0 = Release|Any CPU
		{177A663D-063E-43E2-B2FD-F44EECDF06F6}.Ad-Hoc|x86.Deploy.0 = Release|Any CPU
		{177A663D-063E-43E2-B2FD-F44EECDF06F6}.AppStore|Any CPU.ActiveCfg = Release|Any CPU
		{177A663D-063E-43E2-B2FD-F44EECDF06F6}.AppStore|Any CPU.Build.0 = Release|Any CPU
		{177A663D-063E-43E2-B2FD-F44EECDF06F6}.AppStore|Any CPU.Deploy.0 = Release|Any CPU
		{177A663D-063E-43E2-B2FD-F44EECDF06F6}.AppStore|ARM.ActiveCfg = Release|Any CPU
		{177A663D-063E-43E2-B2FD-F44EECDF06F6}.AppStore|ARM.Build.0 = Release|Any CPU
		{177A663D-063E-43E2-B2FD-F44EECDF06F6}.AppStore|ARM.Deploy.0 = Release|Any CPU
		{177A663D-063E-43E2-B2FD-F44EECDF06F6}.AppStore|iPhone.ActiveCfg = Release|Any CPU
		{177A663D-063E-43E2-B2FD-F44EECDF06F6}.AppStore|iPhone.Build.0 = Release|Any CPU
		{177A663D-063E-43E2-B2FD-F44EECDF06F6}.AppStore|iPhone.Deploy.0 = Release|Any CPU
		{177A663D-063E-43E2-B2FD-F44EECDF06F6}.AppStore|iPhoneSimulator.ActiveCfg = Release|Any CPU
		{177A663D-063E-43E2-B2FD-F44EECDF06F6}.AppStore|iPhoneSimulator.Build.0 = Release|Any CPU
		{177A663D-063E-43E2-B2FD-F44EECDF06F6}.AppStore|iPhoneSimulator.Deploy.0 = Release|Any CPU
		{177A663D-063E-43E2-B2FD-F44EECDF06F6}.AppStore|x64.ActiveCfg = Release|Any CPU
		{177A663D-063E-43E2-B2FD-F44EECDF06F6}.AppStore|x64.Build.0 = Release|Any CPU
		{177A663D-063E-43E2-B2FD-F44EECDF06F6}.AppStore|x64.Deploy.0 = Release|Any CPU
		{177A663D-063E-43E2-B2FD-F44EECDF06F6}.AppStore|x86.ActiveCfg = Release|Any CPU
		{177A663D-063E-43E2-B2FD-F44EECDF06F6}.AppStore|x86.Build.0 = Release|Any CPU
		{177A663D-063E-43E2-B2FD-F44EECDF06F6}.AppStore|x86.Deploy.0 = Release|Any CPU
		{177A663D-063E-43E2-B2FD-F44EECDF06F6}.Debug|Any CPU.ActiveCfg = Debug|Any CPU
		{177A663D-063E-43E2-B2FD-F44EECDF06F6}.Debug|Any CPU.Build.0 = Debug|Any CPU
		{177A663D-063E-43E2-B2FD-F44EECDF06F6}.Debug|Any CPU.Deploy.0 = Debug|Any CPU
		{177A663D-063E-43E2-B2FD-F44EECDF06F6}.Debug|ARM.ActiveCfg = Debug|Any CPU
		{177A663D-063E-43E2-B2FD-F44EECDF06F6}.Debug|ARM.Build.0 = Debug|Any CPU
		{177A663D-063E-43E2-B2FD-F44EECDF06F6}.Debug|ARM.Deploy.0 = Debug|Any CPU
		{177A663D-063E-43E2-B2FD-F44EECDF06F6}.Debug|iPhone.ActiveCfg = Debug|Any CPU
		{177A663D-063E-43E2-B2FD-F44EECDF06F6}.Debug|iPhone.Build.0 = Debug|Any CPU
		{177A663D-063E-43E2-B2FD-F44EECDF06F6}.Debug|iPhone.Deploy.0 = Debug|Any CPU
		{177A663D-063E-43E2-B2FD-F44EECDF06F6}.Debug|iPhoneSimulator.ActiveCfg = Debug|Any CPU
		{177A663D-063E-43E2-B2FD-F44EECDF06F6}.Debug|iPhoneSimulator.Build.0 = Debug|Any CPU
		{177A663D-063E-43E2-B2FD-F44EECDF06F6}.Debug|iPhoneSimulator.Deploy.0 = Debug|Any CPU
		{177A663D-063E-43E2-B2FD-F44EECDF06F6}.Debug|x64.ActiveCfg = Debug|Any CPU
		{177A663D-063E-43E2-B2FD-F44EECDF06F6}.Debug|x64.Build.0 = Debug|Any CPU
		{177A663D-063E-43E2-B2FD-F44EECDF06F6}.Debug|x64.Deploy.0 = Debug|Any CPU
		{177A663D-063E-43E2-B2FD-F44EECDF06F6}.Debug|x86.ActiveCfg = Debug|Any CPU
		{177A663D-063E-43E2-B2FD-F44EECDF06F6}.Debug|x86.Build.0 = Debug|Any CPU
		{177A663D-063E-43E2-B2FD-F44EECDF06F6}.Debug|x86.Deploy.0 = Debug|Any CPU
		{177A663D-063E-43E2-B2FD-F44EECDF06F6}.Release|Any CPU.ActiveCfg = Release|Any CPU
		{177A663D-063E-43E2-B2FD-F44EECDF06F6}.Release|Any CPU.Build.0 = Release|Any CPU
		{177A663D-063E-43E2-B2FD-F44EECDF06F6}.Release|Any CPU.Deploy.0 = Release|Any CPU
		{177A663D-063E-43E2-B2FD-F44EECDF06F6}.Release|ARM.ActiveCfg = Release|Any CPU
		{177A663D-063E-43E2-B2FD-F44EECDF06F6}.Release|ARM.Build.0 = Release|Any CPU
		{177A663D-063E-43E2-B2FD-F44EECDF06F6}.Release|ARM.Deploy.0 = Release|Any CPU
		{177A663D-063E-43E2-B2FD-F44EECDF06F6}.Release|iPhone.ActiveCfg = Release|Any CPU
		{177A663D-063E-43E2-B2FD-F44EECDF06F6}.Release|iPhone.Build.0 = Release|Any CPU
		{177A663D-063E-43E2-B2FD-F44EECDF06F6}.Release|iPhone.Deploy.0 = Release|Any CPU
		{177A663D-063E-43E2-B2FD-F44EECDF06F6}.Release|iPhoneSimulator.ActiveCfg = Release|Any CPU
		{177A663D-063E-43E2-B2FD-F44EECDF06F6}.Release|iPhoneSimulator.Build.0 = Release|Any CPU
		{177A663D-063E-43E2-B2FD-F44EECDF06F6}.Release|iPhoneSimulator.Deploy.0 = Release|Any CPU
		{177A663D-063E-43E2-B2FD-F44EECDF06F6}.Release|x64.ActiveCfg = Release|Any CPU
		{177A663D-063E-43E2-B2FD-F44EECDF06F6}.Release|x64.Build.0 = Release|Any CPU
		{177A663D-063E-43E2-B2FD-F44EECDF06F6}.Release|x64.Deploy.0 = Release|Any CPU
		{177A663D-063E-43E2-B2FD-F44EECDF06F6}.Release|x86.ActiveCfg = Release|Any CPU
		{177A663D-063E-43E2-B2FD-F44EECDF06F6}.Release|x86.Build.0 = Release|Any CPU
		{177A663D-063E-43E2-B2FD-F44EECDF06F6}.Release|x86.Deploy.0 = Release|Any CPU
		{C3241C36-7BFA-4FB7-86DB-A20F5E5AE179}.Ad-Hoc|Any CPU.ActiveCfg = Ad-Hoc|iPhone
		{C3241C36-7BFA-4FB7-86DB-A20F5E5AE179}.Ad-Hoc|Any CPU.Build.0 = Ad-Hoc|iPhone
		{C3241C36-7BFA-4FB7-86DB-A20F5E5AE179}.Ad-Hoc|Any CPU.Deploy.0 = Ad-Hoc|iPhone
		{C3241C36-7BFA-4FB7-86DB-A20F5E5AE179}.Ad-Hoc|ARM.ActiveCfg = Ad-Hoc|iPhone
		{C3241C36-7BFA-4FB7-86DB-A20F5E5AE179}.Ad-Hoc|ARM.Build.0 = Ad-Hoc|iPhone
		{C3241C36-7BFA-4FB7-86DB-A20F5E5AE179}.Ad-Hoc|ARM.Deploy.0 = Ad-Hoc|iPhone
		{C3241C36-7BFA-4FB7-86DB-A20F5E5AE179}.Ad-Hoc|iPhone.ActiveCfg = Ad-Hoc|iPhone
		{C3241C36-7BFA-4FB7-86DB-A20F5E5AE179}.Ad-Hoc|iPhone.Build.0 = Ad-Hoc|iPhone
		{C3241C36-7BFA-4FB7-86DB-A20F5E5AE179}.Ad-Hoc|iPhone.Deploy.0 = Ad-Hoc|iPhone
		{C3241C36-7BFA-4FB7-86DB-A20F5E5AE179}.Ad-Hoc|iPhoneSimulator.ActiveCfg = Ad-Hoc|iPhoneSimulator
		{C3241C36-7BFA-4FB7-86DB-A20F5E5AE179}.Ad-Hoc|iPhoneSimulator.Build.0 = Ad-Hoc|iPhoneSimulator
		{C3241C36-7BFA-4FB7-86DB-A20F5E5AE179}.Ad-Hoc|iPhoneSimulator.Deploy.0 = Ad-Hoc|iPhoneSimulator
		{C3241C36-7BFA-4FB7-86DB-A20F5E5AE179}.Ad-Hoc|x64.ActiveCfg = Ad-Hoc|iPhone
		{C3241C36-7BFA-4FB7-86DB-A20F5E5AE179}.Ad-Hoc|x64.Build.0 = Ad-Hoc|iPhone
		{C3241C36-7BFA-4FB7-86DB-A20F5E5AE179}.Ad-Hoc|x64.Deploy.0 = Ad-Hoc|iPhone
		{C3241C36-7BFA-4FB7-86DB-A20F5E5AE179}.Ad-Hoc|x86.ActiveCfg = Ad-Hoc|iPhone
		{C3241C36-7BFA-4FB7-86DB-A20F5E5AE179}.Ad-Hoc|x86.Build.0 = Ad-Hoc|iPhone
		{C3241C36-7BFA-4FB7-86DB-A20F5E5AE179}.Ad-Hoc|x86.Deploy.0 = Ad-Hoc|iPhone
		{C3241C36-7BFA-4FB7-86DB-A20F5E5AE179}.AppStore|Any CPU.ActiveCfg = AppStore|iPhone
		{C3241C36-7BFA-4FB7-86DB-A20F5E5AE179}.AppStore|Any CPU.Build.0 = AppStore|iPhone
		{C3241C36-7BFA-4FB7-86DB-A20F5E5AE179}.AppStore|Any CPU.Deploy.0 = AppStore|iPhone
		{C3241C36-7BFA-4FB7-86DB-A20F5E5AE179}.AppStore|ARM.ActiveCfg = AppStore|iPhone
		{C3241C36-7BFA-4FB7-86DB-A20F5E5AE179}.AppStore|ARM.Build.0 = AppStore|iPhone
		{C3241C36-7BFA-4FB7-86DB-A20F5E5AE179}.AppStore|ARM.Deploy.0 = AppStore|iPhone
		{C3241C36-7BFA-4FB7-86DB-A20F5E5AE179}.AppStore|iPhone.ActiveCfg = AppStore|iPhone
		{C3241C36-7BFA-4FB7-86DB-A20F5E5AE179}.AppStore|iPhone.Build.0 = AppStore|iPhone
		{C3241C36-7BFA-4FB7-86DB-A20F5E5AE179}.AppStore|iPhone.Deploy.0 = AppStore|iPhone
		{C3241C36-7BFA-4FB7-86DB-A20F5E5AE179}.AppStore|iPhoneSimulator.ActiveCfg = AppStore|iPhoneSimulator
		{C3241C36-7BFA-4FB7-86DB-A20F5E5AE179}.AppStore|iPhoneSimulator.Build.0 = AppStore|iPhoneSimulator
		{C3241C36-7BFA-4FB7-86DB-A20F5E5AE179}.AppStore|iPhoneSimulator.Deploy.0 = AppStore|iPhoneSimulator
		{C3241C36-7BFA-4FB7-86DB-A20F5E5AE179}.AppStore|x64.ActiveCfg = AppStore|iPhone
		{C3241C36-7BFA-4FB7-86DB-A20F5E5AE179}.AppStore|x64.Build.0 = AppStore|iPhone
		{C3241C36-7BFA-4FB7-86DB-A20F5E5AE179}.AppStore|x64.Deploy.0 = AppStore|iPhone
		{C3241C36-7BFA-4FB7-86DB-A20F5E5AE179}.AppStore|x86.ActiveCfg = AppStore|iPhone
		{C3241C36-7BFA-4FB7-86DB-A20F5E5AE179}.AppStore|x86.Build.0 = AppStore|iPhone
		{C3241C36-7BFA-4FB7-86DB-A20F5E5AE179}.AppStore|x86.Deploy.0 = AppStore|iPhone
		{C3241C36-7BFA-4FB7-86DB-A20F5E5AE179}.Debug|Any CPU.ActiveCfg = Debug|iPhoneSimulator
		{C3241C36-7BFA-4FB7-86DB-A20F5E5AE179}.Debug|Any CPU.Build.0 = Debug|iPhoneSimulator
		{C3241C36-7BFA-4FB7-86DB-A20F5E5AE179}.Debug|Any CPU.Deploy.0 = Debug|iPhoneSimulator
		{C3241C36-7BFA-4FB7-86DB-A20F5E5AE179}.Debug|ARM.ActiveCfg = Debug|iPhone
		{C3241C36-7BFA-4FB7-86DB-A20F5E5AE179}.Debug|ARM.Build.0 = Debug|iPhone
		{C3241C36-7BFA-4FB7-86DB-A20F5E5AE179}.Debug|ARM.Deploy.0 = Debug|iPhone
		{C3241C36-7BFA-4FB7-86DB-A20F5E5AE179}.Debug|iPhone.ActiveCfg = Debug|iPhone
		{C3241C36-7BFA-4FB7-86DB-A20F5E5AE179}.Debug|iPhone.Build.0 = Debug|iPhone
		{C3241C36-7BFA-4FB7-86DB-A20F5E5AE179}.Debug|iPhone.Deploy.0 = Debug|iPhone
		{C3241C36-7BFA-4FB7-86DB-A20F5E5AE179}.Debug|iPhoneSimulator.ActiveCfg = Debug|iPhoneSimulator
		{C3241C36-7BFA-4FB7-86DB-A20F5E5AE179}.Debug|iPhoneSimulator.Build.0 = Debug|iPhoneSimulator
		{C3241C36-7BFA-4FB7-86DB-A20F5E5AE179}.Debug|iPhoneSimulator.Deploy.0 = Debug|iPhoneSimulator
		{C3241C36-7BFA-4FB7-86DB-A20F5E5AE179}.Debug|x64.ActiveCfg = Debug|iPhone
		{C3241C36-7BFA-4FB7-86DB-A20F5E5AE179}.Debug|x64.Build.0 = Debug|iPhone
		{C3241C36-7BFA-4FB7-86DB-A20F5E5AE179}.Debug|x64.Deploy.0 = Debug|iPhone
		{C3241C36-7BFA-4FB7-86DB-A20F5E5AE179}.Debug|x86.ActiveCfg = Debug|iPhone
		{C3241C36-7BFA-4FB7-86DB-A20F5E5AE179}.Debug|x86.Build.0 = Debug|iPhone
		{C3241C36-7BFA-4FB7-86DB-A20F5E5AE179}.Debug|x86.Deploy.0 = Debug|iPhone
		{C3241C36-7BFA-4FB7-86DB-A20F5E5AE179}.Release|Any CPU.ActiveCfg = Release|iPhone
		{C3241C36-7BFA-4FB7-86DB-A20F5E5AE179}.Release|Any CPU.Build.0 = Release|iPhone
		{C3241C36-7BFA-4FB7-86DB-A20F5E5AE179}.Release|Any CPU.Deploy.0 = Release|iPhone
		{C3241C36-7BFA-4FB7-86DB-A20F5E5AE179}.Release|ARM.ActiveCfg = Release|iPhone
		{C3241C36-7BFA-4FB7-86DB-A20F5E5AE179}.Release|ARM.Build.0 = Release|iPhone
		{C3241C36-7BFA-4FB7-86DB-A20F5E5AE179}.Release|ARM.Deploy.0 = Release|iPhone
		{C3241C36-7BFA-4FB7-86DB-A20F5E5AE179}.Release|iPhone.ActiveCfg = Release|iPhone
		{C3241C36-7BFA-4FB7-86DB-A20F5E5AE179}.Release|iPhone.Build.0 = Release|iPhone
		{C3241C36-7BFA-4FB7-86DB-A20F5E5AE179}.Release|iPhone.Deploy.0 = Release|iPhone
		{C3241C36-7BFA-4FB7-86DB-A20F5E5AE179}.Release|iPhoneSimulator.ActiveCfg = Release|iPhoneSimulator
		{C3241C36-7BFA-4FB7-86DB-A20F5E5AE179}.Release|iPhoneSimulator.Build.0 = Release|iPhoneSimulator
		{C3241C36-7BFA-4FB7-86DB-A20F5E5AE179}.Release|iPhoneSimulator.Deploy.0 = Release|iPhoneSimulator
		{C3241C36-7BFA-4FB7-86DB-A20F5E5AE179}.Release|x64.ActiveCfg = Release|iPhone
		{C3241C36-7BFA-4FB7-86DB-A20F5E5AE179}.Release|x64.Build.0 = Release|iPhone
		{C3241C36-7BFA-4FB7-86DB-A20F5E5AE179}.Release|x64.Deploy.0 = Release|iPhone
		{C3241C36-7BFA-4FB7-86DB-A20F5E5AE179}.Release|x86.ActiveCfg = Release|iPhone
		{C3241C36-7BFA-4FB7-86DB-A20F5E5AE179}.Release|x86.Build.0 = Release|iPhone
		{C3241C36-7BFA-4FB7-86DB-A20F5E5AE179}.Release|x86.Deploy.0 = Release|iPhone
		{158E0825-8A9F-4332-8E50-E21E94B2ADCD}.Ad-Hoc|Any CPU.ActiveCfg = Release|x86
		{158E0825-8A9F-4332-8E50-E21E94B2ADCD}.Ad-Hoc|Any CPU.Build.0 = Release|x86
		{158E0825-8A9F-4332-8E50-E21E94B2ADCD}.Ad-Hoc|Any CPU.Deploy.0 = Release|x86
		{158E0825-8A9F-4332-8E50-E21E94B2ADCD}.Ad-Hoc|ARM.ActiveCfg = Release|ARM
		{158E0825-8A9F-4332-8E50-E21E94B2ADCD}.Ad-Hoc|ARM.Build.0 = Release|ARM
		{158E0825-8A9F-4332-8E50-E21E94B2ADCD}.Ad-Hoc|ARM.Deploy.0 = Release|ARM
		{158E0825-8A9F-4332-8E50-E21E94B2ADCD}.Ad-Hoc|iPhone.ActiveCfg = Release|x86
		{158E0825-8A9F-4332-8E50-E21E94B2ADCD}.Ad-Hoc|iPhone.Build.0 = Release|x86
		{158E0825-8A9F-4332-8E50-E21E94B2ADCD}.Ad-Hoc|iPhone.Deploy.0 = Release|x86
		{158E0825-8A9F-4332-8E50-E21E94B2ADCD}.Ad-Hoc|iPhoneSimulator.ActiveCfg = Release|x86
		{158E0825-8A9F-4332-8E50-E21E94B2ADCD}.Ad-Hoc|iPhoneSimulator.Build.0 = Release|x86
		{158E0825-8A9F-4332-8E50-E21E94B2ADCD}.Ad-Hoc|iPhoneSimulator.Deploy.0 = Release|x86
		{158E0825-8A9F-4332-8E50-E21E94B2ADCD}.Ad-Hoc|x64.ActiveCfg = Release|x64
		{158E0825-8A9F-4332-8E50-E21E94B2ADCD}.Ad-Hoc|x64.Build.0 = Release|x64
		{158E0825-8A9F-4332-8E50-E21E94B2ADCD}.Ad-Hoc|x64.Deploy.0 = Release|x64
		{158E0825-8A9F-4332-8E50-E21E94B2ADCD}.Ad-Hoc|x86.ActiveCfg = Release|x86
		{158E0825-8A9F-4332-8E50-E21E94B2ADCD}.Ad-Hoc|x86.Build.0 = Release|x86
		{158E0825-8A9F-4332-8E50-E21E94B2ADCD}.Ad-Hoc|x86.Deploy.0 = Release|x86
		{158E0825-8A9F-4332-8E50-E21E94B2ADCD}.AppStore|Any CPU.ActiveCfg = Release|x86
		{158E0825-8A9F-4332-8E50-E21E94B2ADCD}.AppStore|Any CPU.Build.0 = Release|x86
		{158E0825-8A9F-4332-8E50-E21E94B2ADCD}.AppStore|Any CPU.Deploy.0 = Release|x86
		{158E0825-8A9F-4332-8E50-E21E94B2ADCD}.AppStore|ARM.ActiveCfg = Release|ARM
		{158E0825-8A9F-4332-8E50-E21E94B2ADCD}.AppStore|ARM.Build.0 = Release|ARM
		{158E0825-8A9F-4332-8E50-E21E94B2ADCD}.AppStore|ARM.Deploy.0 = Release|ARM
		{158E0825-8A9F-4332-8E50-E21E94B2ADCD}.AppStore|iPhone.ActiveCfg = Release|x86
		{158E0825-8A9F-4332-8E50-E21E94B2ADCD}.AppStore|iPhone.Build.0 = Release|x86
		{158E0825-8A9F-4332-8E50-E21E94B2ADCD}.AppStore|iPhone.Deploy.0 = Release|x86
		{158E0825-8A9F-4332-8E50-E21E94B2ADCD}.AppStore|iPhoneSimulator.ActiveCfg = Release|x86
		{158E0825-8A9F-4332-8E50-E21E94B2ADCD}.AppStore|iPhoneSimulator.Build.0 = Release|x86
		{158E0825-8A9F-4332-8E50-E21E94B2ADCD}.AppStore|iPhoneSimulator.Deploy.0 = Release|x86
		{158E0825-8A9F-4332-8E50-E21E94B2ADCD}.AppStore|x64.ActiveCfg = Release|x64
		{158E0825-8A9F-4332-8E50-E21E94B2ADCD}.AppStore|x64.Build.0 = Release|x64
		{158E0825-8A9F-4332-8E50-E21E94B2ADCD}.AppStore|x64.Deploy.0 = Release|x64
		{158E0825-8A9F-4332-8E50-E21E94B2ADCD}.AppStore|x86.ActiveCfg = Release|x86
		{158E0825-8A9F-4332-8E50-E21E94B2ADCD}.AppStore|x86.Build.0 = Release|x86
		{158E0825-8A9F-4332-8E50-E21E94B2ADCD}.AppStore|x86.Deploy.0 = Release|x86
		{158E0825-8A9F-4332-8E50-E21E94B2ADCD}.Debug|Any CPU.ActiveCfg = Debug|x86
		{158E0825-8A9F-4332-8E50-E21E94B2ADCD}.Debug|Any CPU.Build.0 = Debug|x86
		{158E0825-8A9F-4332-8E50-E21E94B2ADCD}.Debug|Any CPU.Deploy.0 = Debug|x86
		{158E0825-8A9F-4332-8E50-E21E94B2ADCD}.Debug|ARM.ActiveCfg = Debug|ARM
		{158E0825-8A9F-4332-8E50-E21E94B2ADCD}.Debug|ARM.Build.0 = Debug|ARM
		{158E0825-8A9F-4332-8E50-E21E94B2ADCD}.Debug|ARM.Deploy.0 = Debug|ARM
		{158E0825-8A9F-4332-8E50-E21E94B2ADCD}.Debug|iPhone.ActiveCfg = Debug|x86
		{158E0825-8A9F-4332-8E50-E21E94B2ADCD}.Debug|iPhone.Build.0 = Debug|x86
		{158E0825-8A9F-4332-8E50-E21E94B2ADCD}.Debug|iPhone.Deploy.0 = Debug|x86
		{158E0825-8A9F-4332-8E50-E21E94B2ADCD}.Debug|iPhoneSimulator.ActiveCfg = Debug|x86
		{158E0825-8A9F-4332-8E50-E21E94B2ADCD}.Debug|iPhoneSimulator.Build.0 = Debug|x86
		{158E0825-8A9F-4332-8E50-E21E94B2ADCD}.Debug|iPhoneSimulator.Deploy.0 = Debug|x86
		{158E0825-8A9F-4332-8E50-E21E94B2ADCD}.Debug|x64.ActiveCfg = Debug|x64
		{158E0825-8A9F-4332-8E50-E21E94B2ADCD}.Debug|x64.Build.0 = Debug|x64
		{158E0825-8A9F-4332-8E50-E21E94B2ADCD}.Debug|x64.Deploy.0 = Debug|x64
		{158E0825-8A9F-4332-8E50-E21E94B2ADCD}.Debug|x86.ActiveCfg = Debug|x86
		{158E0825-8A9F-4332-8E50-E21E94B2ADCD}.Debug|x86.Build.0 = Debug|x86
		{158E0825-8A9F-4332-8E50-E21E94B2ADCD}.Debug|x86.Deploy.0 = Debug|x86
		{158E0825-8A9F-4332-8E50-E21E94B2ADCD}.Release|Any CPU.ActiveCfg = Release|x86
		{158E0825-8A9F-4332-8E50-E21E94B2ADCD}.Release|Any CPU.Build.0 = Release|x86
		{158E0825-8A9F-4332-8E50-E21E94B2ADCD}.Release|Any CPU.Deploy.0 = Release|x86
		{158E0825-8A9F-4332-8E50-E21E94B2ADCD}.Release|ARM.ActiveCfg = Release|ARM
		{158E0825-8A9F-4332-8E50-E21E94B2ADCD}.Release|ARM.Build.0 = Release|ARM
		{158E0825-8A9F-4332-8E50-E21E94B2ADCD}.Release|ARM.Deploy.0 = Release|ARM
		{158E0825-8A9F-4332-8E50-E21E94B2ADCD}.Release|iPhone.ActiveCfg = Release|x86
		{158E0825-8A9F-4332-8E50-E21E94B2ADCD}.Release|iPhone.Build.0 = Release|x86
		{158E0825-8A9F-4332-8E50-E21E94B2ADCD}.Release|iPhone.Deploy.0 = Release|x86
		{158E0825-8A9F-4332-8E50-E21E94B2ADCD}.Release|iPhoneSimulator.ActiveCfg = Release|x86
		{158E0825-8A9F-4332-8E50-E21E94B2ADCD}.Release|iPhoneSimulator.Build.0 = Release|x86
		{158E0825-8A9F-4332-8E50-E21E94B2ADCD}.Release|iPhoneSimulator.Deploy.0 = Release|x86
		{158E0825-8A9F-4332-8E50-E21E94B2ADCD}.Release|x64.ActiveCfg = Release|x64
		{158E0825-8A9F-4332-8E50-E21E94B2ADCD}.Release|x64.Build.0 = Release|x64
		{158E0825-8A9F-4332-8E50-E21E94B2ADCD}.Release|x64.Deploy.0 = Release|x64
		{158E0825-8A9F-4332-8E50-E21E94B2ADCD}.Release|x86.ActiveCfg = Release|x86
		{158E0825-8A9F-4332-8E50-E21E94B2ADCD}.Release|x86.Build.0 = Release|x86
		{158E0825-8A9F-4332-8E50-E21E94B2ADCD}.Release|x86.Deploy.0 = Release|x86
		{6CB58B55-F8D3-4A0F-BBD3-12C4B9EB6472}.Ad-Hoc|Any CPU.ActiveCfg = Debug|Any CPU
		{6CB58B55-F8D3-4A0F-BBD3-12C4B9EB6472}.Ad-Hoc|Any CPU.Build.0 = Debug|Any CPU
		{6CB58B55-F8D3-4A0F-BBD3-12C4B9EB6472}.Ad-Hoc|Any CPU.Deploy.0 = Debug|Any CPU
		{6CB58B55-F8D3-4A0F-BBD3-12C4B9EB6472}.Ad-Hoc|ARM.ActiveCfg = Debug|Any CPU
		{6CB58B55-F8D3-4A0F-BBD3-12C4B9EB6472}.Ad-Hoc|ARM.Build.0 = Debug|Any CPU
		{6CB58B55-F8D3-4A0F-BBD3-12C4B9EB6472}.Ad-Hoc|ARM.Deploy.0 = Debug|Any CPU
		{6CB58B55-F8D3-4A0F-BBD3-12C4B9EB6472}.Ad-Hoc|iPhone.ActiveCfg = Debug|Any CPU
		{6CB58B55-F8D3-4A0F-BBD3-12C4B9EB6472}.Ad-Hoc|iPhone.Build.0 = Debug|Any CPU
		{6CB58B55-F8D3-4A0F-BBD3-12C4B9EB6472}.Ad-Hoc|iPhone.Deploy.0 = Debug|Any CPU
		{6CB58B55-F8D3-4A0F-BBD3-12C4B9EB6472}.Ad-Hoc|iPhoneSimulator.ActiveCfg = Debug|Any CPU
		{6CB58B55-F8D3-4A0F-BBD3-12C4B9EB6472}.Ad-Hoc|iPhoneSimulator.Build.0 = Debug|Any CPU
		{6CB58B55-F8D3-4A0F-BBD3-12C4B9EB6472}.Ad-Hoc|iPhoneSimulator.Deploy.0 = Debug|Any CPU
		{6CB58B55-F8D3-4A0F-BBD3-12C4B9EB6472}.Ad-Hoc|x64.ActiveCfg = Debug|Any CPU
		{6CB58B55-F8D3-4A0F-BBD3-12C4B9EB6472}.Ad-Hoc|x64.Build.0 = Debug|Any CPU
		{6CB58B55-F8D3-4A0F-BBD3-12C4B9EB6472}.Ad-Hoc|x64.Deploy.0 = Debug|Any CPU
		{6CB58B55-F8D3-4A0F-BBD3-12C4B9EB6472}.Ad-Hoc|x86.ActiveCfg = Debug|Any CPU
		{6CB58B55-F8D3-4A0F-BBD3-12C4B9EB6472}.Ad-Hoc|x86.Build.0 = Debug|Any CPU
		{6CB58B55-F8D3-4A0F-BBD3-12C4B9EB6472}.Ad-Hoc|x86.Deploy.0 = Debug|Any CPU
		{6CB58B55-F8D3-4A0F-BBD3-12C4B9EB6472}.AppStore|Any CPU.ActiveCfg = Debug|Any CPU
		{6CB58B55-F8D3-4A0F-BBD3-12C4B9EB6472}.AppStore|Any CPU.Build.0 = Debug|Any CPU
		{6CB58B55-F8D3-4A0F-BBD3-12C4B9EB6472}.AppStore|Any CPU.Deploy.0 = Debug|Any CPU
		{6CB58B55-F8D3-4A0F-BBD3-12C4B9EB6472}.AppStore|ARM.ActiveCfg = Debug|Any CPU
		{6CB58B55-F8D3-4A0F-BBD3-12C4B9EB6472}.AppStore|ARM.Build.0 = Debug|Any CPU
		{6CB58B55-F8D3-4A0F-BBD3-12C4B9EB6472}.AppStore|ARM.Deploy.0 = Debug|Any CPU
		{6CB58B55-F8D3-4A0F-BBD3-12C4B9EB6472}.AppStore|iPhone.ActiveCfg = Debug|Any CPU
		{6CB58B55-F8D3-4A0F-BBD3-12C4B9EB6472}.AppStore|iPhone.Build.0 = Debug|Any CPU
		{6CB58B55-F8D3-4A0F-BBD3-12C4B9EB6472}.AppStore|iPhone.Deploy.0 = Debug|Any CPU
		{6CB58B55-F8D3-4A0F-BBD3-12C4B9EB6472}.AppStore|iPhoneSimulator.ActiveCfg = Debug|Any CPU
		{6CB58B55-F8D3-4A0F-BBD3-12C4B9EB6472}.AppStore|iPhoneSimulator.Build.0 = Debug|Any CPU
		{6CB58B55-F8D3-4A0F-BBD3-12C4B9EB6472}.AppStore|iPhoneSimulator.Deploy.0 = Debug|Any CPU
		{6CB58B55-F8D3-4A0F-BBD3-12C4B9EB6472}.AppStore|x64.ActiveCfg = Debug|Any CPU
		{6CB58B55-F8D3-4A0F-BBD3-12C4B9EB6472}.AppStore|x64.Build.0 = Debug|Any CPU
		{6CB58B55-F8D3-4A0F-BBD3-12C4B9EB6472}.AppStore|x64.Deploy.0 = Debug|Any CPU
		{6CB58B55-F8D3-4A0F-BBD3-12C4B9EB6472}.AppStore|x86.ActiveCfg = Debug|Any CPU
		{6CB58B55-F8D3-4A0F-BBD3-12C4B9EB6472}.AppStore|x86.Build.0 = Debug|Any CPU
		{6CB58B55-F8D3-4A0F-BBD3-12C4B9EB6472}.AppStore|x86.Deploy.0 = Debug|Any CPU
		{6CB58B55-F8D3-4A0F-BBD3-12C4B9EB6472}.Debug|Any CPU.ActiveCfg = Debug|Any CPU
		{6CB58B55-F8D3-4A0F-BBD3-12C4B9EB6472}.Debug|Any CPU.Build.0 = Debug|Any CPU
		{6CB58B55-F8D3-4A0F-BBD3-12C4B9EB6472}.Debug|Any CPU.Deploy.0 = Debug|Any CPU
		{6CB58B55-F8D3-4A0F-BBD3-12C4B9EB6472}.Debug|ARM.ActiveCfg = Debug|Any CPU
		{6CB58B55-F8D3-4A0F-BBD3-12C4B9EB6472}.Debug|ARM.Build.0 = Debug|Any CPU
		{6CB58B55-F8D3-4A0F-BBD3-12C4B9EB6472}.Debug|ARM.Deploy.0 = Debug|Any CPU
		{6CB58B55-F8D3-4A0F-BBD3-12C4B9EB6472}.Debug|iPhone.ActiveCfg = Debug|Any CPU
		{6CB58B55-F8D3-4A0F-BBD3-12C4B9EB6472}.Debug|iPhone.Build.0 = Debug|Any CPU
		{6CB58B55-F8D3-4A0F-BBD3-12C4B9EB6472}.Debug|iPhone.Deploy.0 = Debug|Any CPU
		{6CB58B55-F8D3-4A0F-BBD3-12C4B9EB6472}.Debug|iPhoneSimulator.ActiveCfg = Debug|Any CPU
		{6CB58B55-F8D3-4A0F-BBD3-12C4B9EB6472}.Debug|iPhoneSimulator.Build.0 = Debug|Any CPU
		{6CB58B55-F8D3-4A0F-BBD3-12C4B9EB6472}.Debug|iPhoneSimulator.Deploy.0 = Debug|Any CPU
		{6CB58B55-F8D3-4A0F-BBD3-12C4B9EB6472}.Debug|x64.ActiveCfg = Debug|Any CPU
		{6CB58B55-F8D3-4A0F-BBD3-12C4B9EB6472}.Debug|x64.Build.0 = Debug|Any CPU
		{6CB58B55-F8D3-4A0F-BBD3-12C4B9EB6472}.Debug|x64.Deploy.0 = Debug|Any CPU
		{6CB58B55-F8D3-4A0F-BBD3-12C4B9EB6472}.Debug|x86.ActiveCfg = Debug|Any CPU
		{6CB58B55-F8D3-4A0F-BBD3-12C4B9EB6472}.Debug|x86.Build.0 = Debug|Any CPU
		{6CB58B55-F8D3-4A0F-BBD3-12C4B9EB6472}.Debug|x86.Deploy.0 = Debug|Any CPU
		{6CB58B55-F8D3-4A0F-BBD3-12C4B9EB6472}.Release|Any CPU.ActiveCfg = Release|Any CPU
		{6CB58B55-F8D3-4A0F-BBD3-12C4B9EB6472}.Release|Any CPU.Build.0 = Release|Any CPU
		{6CB58B55-F8D3-4A0F-BBD3-12C4B9EB6472}.Release|Any CPU.Deploy.0 = Release|Any CPU
		{6CB58B55-F8D3-4A0F-BBD3-12C4B9EB6472}.Release|ARM.ActiveCfg = Release|Any CPU
		{6CB58B55-F8D3-4A0F-BBD3-12C4B9EB6472}.Release|ARM.Build.0 = Release|Any CPU
		{6CB58B55-F8D3-4A0F-BBD3-12C4B9EB6472}.Release|ARM.Deploy.0 = Release|Any CPU
		{6CB58B55-F8D3-4A0F-BBD3-12C4B9EB6472}.Release|iPhone.ActiveCfg = Release|Any CPU
		{6CB58B55-F8D3-4A0F-BBD3-12C4B9EB6472}.Release|iPhone.Build.0 = Release|Any CPU
		{6CB58B55-F8D3-4A0F-BBD3-12C4B9EB6472}.Release|iPhone.Deploy.0 = Release|Any CPU
		{6CB58B55-F8D3-4A0F-BBD3-12C4B9EB6472}.Release|iPhoneSimulator.ActiveCfg = Release|Any CPU
		{6CB58B55-F8D3-4A0F-BBD3-12C4B9EB6472}.Release|iPhoneSimulator.Build.0 = Release|Any CPU
		{6CB58B55-F8D3-4A0F-BBD3-12C4B9EB6472}.Release|iPhoneSimulator.Deploy.0 = Release|Any CPU
		{6CB58B55-F8D3-4A0F-BBD3-12C4B9EB6472}.Release|x64.ActiveCfg = Release|Any CPU
		{6CB58B55-F8D3-4A0F-BBD3-12C4B9EB6472}.Release|x64.Build.0 = Release|Any CPU
		{6CB58B55-F8D3-4A0F-BBD3-12C4B9EB6472}.Release|x64.Deploy.0 = Release|Any CPU
		{6CB58B55-F8D3-4A0F-BBD3-12C4B9EB6472}.Release|x86.ActiveCfg = Release|Any CPU
		{6CB58B55-F8D3-4A0F-BBD3-12C4B9EB6472}.Release|x86.Build.0 = Release|Any CPU
		{6CB58B55-F8D3-4A0F-BBD3-12C4B9EB6472}.Release|x86.Deploy.0 = Release|Any CPU
	EndGlobalSection
	GlobalSection(SolutionProperties) = preSolution
		HideSolutionNode = FALSE
	EndGlobalSection
	GlobalSection(ExtensibilityGlobals) = postSolution
		SolutionGuid = {A2ABDA94-AD2F-45C4-B55B-DA27FBA5EE42}
	EndGlobalSection
EndGlobal
